{
  "lockfileVersion": 2,
  "configVersion": 1,
  "workspaces": {
    "": {
      "name": "hiato",
      "dependencies": {
        "class-variance-authority": "^0.7.1",
        "clsx": "^2.1.1",
        "react": "^19.2.8",
        "react-dom": "^19.2.8",
        "tailwind-merge": "^3.7.0",
        "zustand": "^5.0.15",
      },
      "devDependencies": {
        "@tailwindcss/vite": "^4.3.3",
        "@types/node": "^24.13.3",
        "@types/react": "^19.2.18",
        "@types/react-dom": "^19.2.7",
        "@vitejs/plugin-react": "^6.1.1",
        "tailwindcss": "^4.3.3",
        "typescript": "~6.0.2",
        "vite": "^8.3.0",
        "vite-plugin-pwa": "^1.3.0",
      },
    },
  },
  "packages": {
    "@apideck/better-ajv-errors": ["@apideck/better-ajv-errors@0.3.7", "", { "dependencies": { "jsonpointer": "^5.0.1", "leven": "^3.1.0" }, "peerDependencies": { "ajv": ">=8" } }, "sha512-TajUJwGWbDwkCx/CZi7tRE8PVB7simCvKJfHUsSdvps+aTM/PDPP4gkLmKnc+x3CE//y9i/nj74GqdL/hwk7Iw=="],

    "@babel/code-frame": ["@babel/code-frame@7.29.7", "", { "dependencies": { "@babel/helper-validator-identifier": "^7.29.7", "js-tokens": "^4.0.0", "picocolors": "^1.1.1" } }, "sha512-Aup7aUOfpbAUg2ROOJN6Iw5f9DMBlzu0mIkm/malLQFN/YQgO48wCj0Kxa3sEHJvPVFg7siR+qRInwXd2qhQKw=="],

    "@babel/compat-data": ["@babel/compat-data@7.29.7", "", {}, "sha512-locTkQyKvwIEgBzVrn8693ebc97F2U8ZHjbXwDXJ5Fn2TCpNwTlKcaKLkdHop5c/icOFE7qt7Q9JC5hnKNa6Gg=="],

    "@babel/core": ["@babel/core@7.29.7", "", { "dependencies": { "@babel/code-frame": "^7.29.7", "@babel/generator": "^7.29.7", "@babel/helper-compilation-targets": "^7.29.7", "@babel/helper-module-transforms": "^7.29.7", "@babel/helpers": "^7.29.7", "@babel/parser": "^7.29.7", "@babel/template": "^7.29.7", "@babel/traverse": "^7.29.7", "@babel/types": "^7.29.7", "@jridgewell/remapping": "^2.3.5", "convert-source-map": "^2.0.0", "debug": "^4.1.0", "gensync": "^1.0.0-beta.2", "json5": "^2.2.3", "semver": "^6.3.1" } }, "sha512-RgHBCvtjbOK2gXSNBNIkNoEc9qoVE